{
  "name": "Travel Agency",
  "lockfileVersion": 2,
  "requires": true,
  "packages": {
    "": {
      "dependencies": {
        "@terwanerik/scrolltrigger": "^1.0.5"
      }
    },
    "node_modules/@terwanerik/scrolltrigger": {
      "version": "1.0.5",
      "resolved": "https://registry.npmjs.org/@terwanerik/scrolltrigger/-/scrolltrigger-1.0.5.tgz",
      "integrity": "sha512-8hdH7QFlNku+Gq4X8pDwyWGqkLjEirNn0YsGdD9D6TqAQ9onucJS458N/gqnSJGrTCKplciAI10Q3Q69UbJQCg==",
      "dependencies": {
        "object-extend": "^0.5.0"
      },
      "engines": {
        "node": ">=6"
      }
    },
    "node_modules/object-extend": {
      "version": "0.5.0",
      "resolved": "https://registry.npmjs.org/object-extend/-/object-extend-0.5.0.tgz",
      "integrity": "sha1-9zxcrQXVINiCzLH/TN55/piA6Ls=",
      "engines": {
        "node": ">= 0.4.x"
      }
    }
  },
  "dependencies": {
    "@terwanerik/scrolltrigger": {
      "version": "1.0.5",
      "resolved": "https://registry.npmjs.org/@terwanerik/scrolltrigger/-/scrolltrigger-1.0.5.tgz",
      "integrity": "sha512-8hdH7QFlNku+Gq4X8pDwyWGqkLjEirNn0YsGdD9D6TqAQ9onucJS458N/gqnSJGrTCKplciAI10Q3Q69UbJQCg==",
      "requires": {
        "object-extend": "^0.5.0"
      }
    },
    "object-extend": {
      "version": "0.5.0",
      "resolved": "https://registry.npmjs.org/object-extend/-/object-extend-0.5.0.tgz",
      "integrity": "sha1-9zxcrQXVINiCzLH/TN55/piA6Ls="
    }
  }
}
